
Microsoft Visual Studio Solution File, Format Version 12.00
# Visual Studio Version 17
VisualStudioVersion = 17.3.32922.545
MinimumVisualStudioVersion = 10.0.40219.1
Project("{FAE04EC0-301F-11D3-BF4B-00C04F79EFBC}") = "WpfApp1", "WpfApp1\WpfApp1.csproj", "{B5526B18-5DF4-4E71-B42A-9B0543407396}"
EndProject
Global
	GlobalSection(SolutionConfigurationPlatforms) = preSolution
		Debug|Any CPU = Debug|Any CPU
		Release|Any CPU = Release|Any CPU
	EndGlobalSection
	GlobalSection(ProjectConfigurationPlatforms) = postSolution
		{B5526B18-5DF4-4E71-B42A-9B0543407396}.Debug|Any CPU.ActiveCfg = Debug|Any CPU
		{B5526B18-5DF4-4E71-B42A-9B0543407396}.Debug|Any CPU.Build.0 = Debug|Any CPU
		{B5526B18-5DF4-4E71-B42A-9B0543407396}.Release|Any CPU.ActiveCfg = Release|Any CPU
		{B5526B18-5DF4-4E71-B42A-9B0543407396}.Release|Any CPU.Build.0 = Release|Any CPU
	EndGlobalSection
	GlobalSection(SolutionProperties) = preSolution
		HideSolutionNode = FALSE
	EndGlobalSection
	GlobalSection(ExtensibilityGlobals) = postSolution
		SolutionGuid = {DD246B40-2D38-419D-B6FA-406AD89D8680}
	EndGlobalSection
EndGlobal
